
Microsoft Visual Studio Solution File, Format Version 12.00
# Visual Studio 15
VisualStudioVersion = 15.0.27130.2026
MinimumVisualStudioVersion = 10.0.40219.1
Project("{FAE04EC0-301F-11D3-BF4B-00C04F79EFBC}") = "XF.AzureApp.Android", "src\XF.AzureApp\XF.AzureApp.Android\XF.AzureApp.Android.csproj", "{CD4CE2B9-9034-4A00-9E0B-86E0CF1A5B13}"
EndProject
Project("{FAE04EC0-301F-11D3-BF4B-00C04F79EFBC}") = "XF.AzureApp.iOS", "src\XF.AzureApp\XF.AzureApp.iOS\XF.AzureApp.iOS.csproj", "{989D654E-69B7-4D9B-825A-C9E4AFF85D4B}"
EndProject
Project("{9A19103F-16F7-4668-BE54-9A1E7A4F7556}") = "XF.AzureApp", "src\XF.AzureApp\XF.AzureApp\XF.AzureApp.csproj", "{40CC0DED-126A-42B0-833A-EFFEDDD24E1E}"
EndProject
Global
	GlobalSection(SolutionConfigurationPlatforms) = preSolution
		Ad-Hoc|Any CPU = Ad-Hoc|Any CPU
		Ad-Hoc|iPhone = Ad-Hoc|iPhone
		Ad-Hoc|iPhoneSimulator = Ad-Hoc|iPhoneSimulator
		AppStore|Any CPU = AppStore|Any CPU
		AppStore|iPhone = AppStore|iPhone
		AppStore|iPhoneSimulator = AppStore|iPhoneSimulator
		Debug|Any CPU = Debug|Any CPU
		Debug|iPhone = Debug|iPhone
		Debug|iPhoneSimulator = Debug|iPhoneSimulator
		Release|Any CPU = Release|Any CPU
		Release|iPhone = Release|iPhone
		Release|iPhoneSimulator = Release|iPhoneSimulator
	EndGlobalSection
	GlobalSection(ProjectConfigurationPlatforms) = postSolution
		{CD4CE2B9-9034-4A00-9E0B-86E0CF1A5B13}.Ad-Hoc|Any CPU.ActiveCfg = Release|Any CPU
		{CD4CE2B9-9034-4A00-9E0B-86E0CF1A5B13}.Ad-Hoc|Any CPU.Build.0 = Release|Any CPU
		{CD4CE2B9-9034-4A00-9E0B-86E0CF1A5B13}.Ad-Hoc|Any CPU.Deploy.0 = Release|Any CPU
		{CD4CE2B9-9034-4A00-9E0B-86E0CF1A5B13}.Ad-Hoc|iPhone.ActiveCfg = Release|Any CPU
		{CD4CE2B9-9034-4A00-9E0B-86E0CF1A5B13}.Ad-Hoc|iPhone.Build.0 = Release|Any CPU
		{CD4CE2B9-9034-4A00-9E0B-86E0CF1A5B13}.Ad-Hoc|iPhone.Deploy.0 = Release|Any CPU
		{CD4CE2B9-9034-4A00-9E0B-86E0CF1A5B13}.Ad-Hoc|iPhoneSimulator.ActiveCfg = Release|Any CPU
		{CD4CE2B9-9034-4A00-9E0B-86E0CF1A5B13}.Ad-Hoc|iPhoneSimulator.Build.0 = Release|Any CPU
		{CD4CE2B9-9034-4A00-9E0B-86E0CF1A5B13}.Ad-Hoc|iPhoneSimulator.Deploy.0 = Release|Any CPU
		{CD4CE2B9-9034-4A00-9E0B-86E0CF1A5B13}.AppStore|Any CPU.ActiveCfg = Release|Any CPU
		{CD4CE2B9-9034-4A00-9E0B-86E0CF1A5B13}.AppStore|Any CPU.Build.0 = Release|Any CPU
		{CD4CE2B9-9034-4A00-9E0B-86E0CF1A5B13}.AppStore|Any CPU.Deploy.0 = Release|Any CPU
		{CD4CE2B9-9034-4A00-9E0B-86E0CF1A5B13}.AppStore|iPhone.ActiveCfg = Release|Any CPU
		{CD4CE2B9-9034-4A00-9E0B-86E0CF1A5B13}.AppStore|iPhone.Build.0 = Release|Any CPU
		{CD4CE2B9-9034-4A00-9E0B-86E0CF1A5B13}.AppStore|iPhone.Deploy.0 = Release|Any CPU
		{CD4CE2B9-9034-4A00-9E0B-86E0CF1A5B13}.AppStore|iPhoneSimulator.ActiveCfg = Release|Any CPU
		{CD4CE2B9-9034-4A00-9E0B-86E0CF1A5B13}.AppStore|iPhoneSimulator.Build.0 = Release|Any CPU
		{CD4CE2B9-9034-4A00-9E0B-86E0CF1A5B13}.AppStore|iPhoneSimulator.Deploy.0 = Release|Any CPU
		{CD4CE2B9-9034-4A00-9E0B-86E0CF1A5B13}.Debug|Any CPU.ActiveCfg = Debug|Any CPU
		{CD4CE2B9-9034-4A00-9E0B-86E0CF1A5B13}.Debug|Any CPU.Build.0 = Debug|Any CPU
		{CD4CE2B9-9034-4A00-9E0B-86E0CF1A5B13}.Debug|Any CPU.Deploy.0 = Debug|Any CPU
		{CD4CE2B9-9034-4A00-9E0B-86E0CF1A5B13}.Debug|iPhone.ActiveCfg = Debug|Any CPU
		{CD4CE2B9-9034-4A00-9E0B-86E0CF1A5B13}.Debug|iPhone.Build.0 = Debug|Any CPU
		{CD4CE2B9-9034-4A00-9E0B-86E0CF1A5B13}.Debug|iPhone.Deploy.0 = Debug|Any CPU
		{CD4CE2B9-9034-4A00-9E0B-86E0CF1A5B13}.Debug|iPhoneSimulator.ActiveCfg = Debug|Any CPU
		{CD4CE2B9-9034-4A00-9E0B-86E0CF1A5B13}.Debug|iPhoneSimulator.Build.0 = Debug|Any CPU
		{CD4CE2B9-9034-4A00-9E0B-86E0CF1A5B13}.Debug|iPhoneSimulator.Deploy.0 = Debug|Any CPU
		{CD4CE2B9-9034-4A00-9E0B-86E0CF1A5B13}.Release|Any CPU.ActiveCfg = Release|Any CPU
		{CD4CE2B9-9034-4A00-9E0B-86E0CF1A5B13}.Release|Any CPU.Build.0 = Release|Any CPU
		{CD4CE2B9-9034-4A00-9E0B-86E0CF1A5B13}.Release|Any CPU.Deploy.0 = Release|Any CPU
		{CD4CE2B9-9034-4A00-9E0B-86E0CF1A5B13}.Release|iPhone.ActiveCfg = Release|Any CPU
		{CD4CE2B9-9034-4A00-9E0B-86E0CF1A5B13}.Release|iPhone.Build.0 = Release|Any CPU
		{CD4CE2B9-9034-4A00-9E0B-86E0CF1A5B13}.Release|iPhone.Deploy.0 = Release|Any CPU
		{CD4CE2B9-9034-4A00-9E0B-86E0CF1A5B13}.Release|iPhoneSimulator.ActiveCfg = Release|Any CPU
		{CD4CE2B9-9034-4A00-9E0B-86E0CF1A5B13}.Release|iPhoneSimulator.Build.0 = Release|Any CPU
		{CD4CE2B9-9034-4A00-9E0B-86E0CF1A5B13}.Release|iPhoneSimulator.Deploy.0 = Release|Any CPU
		{989D654E-69B7-4D9B-825A-C9E4AFF85D4B}.Ad-Hoc|Any CPU.ActiveCfg = Ad-Hoc|iPhone
		{989D654E-69B7-4D9B-825A-C9E4AFF85D4B}.Ad-Hoc|iPhone.ActiveCfg = Ad-Hoc|iPhone
		{989D654E-69B7-4D9B-825A-C9E4AFF85D4B}.Ad-Hoc|iPhone.Build.0 = Ad-Hoc|iPhone
		{989D654E-69B7-4D9B-825A-C9E4AFF85D4B}.Ad-Hoc|iPhoneSimulator.ActiveCfg = Ad-Hoc|iPhoneSimulator
		{989D654E-69B7-4D9B-825A-C9E4AFF85D4B}.Ad-Hoc|iPhoneSimulator.Build.0 = Ad-Hoc|iPhoneSimulator
		{989D654E-69B7-4D9B-825A-C9E4AFF85D4B}.AppStore|Any CPU.ActiveCfg = AppStore|iPhone
		{989D654E-69B7-4D9B-825A-C9E4AFF85D4B}.AppStore|iPhone.ActiveCfg = AppStore|iPhone
		{989D654E-69B7-4D9B-825A-C9E4AFF85D4B}.AppStore|iPhone.Build.0 = AppStore|iPhone
		{989D654E-69B7-4D9B-825A-C9E4AFF85D4B}.AppStore|iPhoneSimulator.ActiveCfg = AppStore|iPhoneSimulator
		{989D654E-69B7-4D9B-825A-C9E4AFF85D4B}.AppStore|iPhoneSimulator.Build.0 = AppStore|iPhoneSimulator
		{989D654E-69B7-4D9B-825A-C9E4AFF85D4B}.Debug|Any CPU.ActiveCfg = Debug|iPhone
		{989D654E-69B7-4D9B-825A-C9E4AFF85D4B}.Debug|iPhone.ActiveCfg = Debug|iPhone
		{989D654E-69B7-4D9B-825A-C9E4AFF85D4B}.Debug|iPhone.Build.0 = Debug|iPhone
		{989D654E-69B7-4D9B-825A-C9E4AFF85D4B}.Debug|iPhoneSimulator.ActiveCfg = Debug|iPhoneSimulator
		{989D654E-69B7-4D9B-825A-C9E4AFF85D4B}.Debug|iPhoneSimulator.Build.0 = Debug|iPhoneSimulator
		{989D654E-69B7-4D9B-825A-C9E4AFF85D4B}.Release|Any CPU.ActiveCfg = Release|iPhone
		{989D654E-69B7-4D9B-825A-C9E4AFF85D4B}.Release|iPhone.ActiveCfg = Release|iPhone
		{989D654E-69B7-4D9B-825A-C9E4AFF85D4B}.Release|iPhone.Build.0 = Release|iPhone
		{989D654E-69B7-4D9B-825A-C9E4AFF85D4B}.Release|iPhoneSimulator.ActiveCfg = Release|iPhoneSimulator
		{989D654E-69B7-4D9B-825A-C9E4AFF85D4B}.Release|iPhoneSimulator.Build.0 = Release|iPhoneSimulator
		{40CC0DED-126A-42B0-833A-EFFEDDD24E1E}.Ad-Hoc|Any CPU.ActiveCfg = Debug|Any CPU
		{40CC0DED-126A-42B0-833A-EFFEDDD24E1E}.Ad-Hoc|Any CPU.Build.0 = Debug|Any CPU
		{40CC0DED-126A-42B0-833A-EFFEDDD24E1E}.Ad-Hoc|iPhone.ActiveCfg = Debug|Any CPU
		{40CC0DED-126A-42B0-833A-EFFEDDD24E1E}.Ad-Hoc|iPhone.Build.0 = Debug|Any CPU
		{40CC0DED-126A-42B0-833A-EFFEDDD24E1E}.Ad-Hoc|iPhoneSimulator.ActiveCfg = Debug|Any CPU
		{40CC0DED-126A-42B0-833A-EFFEDDD24E1E}.Ad-Hoc|iPhoneSimulator.Build.0 = Debug|Any CPU
		{40CC0DED-126A-42B0-833A-EFFEDDD24E1E}.AppStore|Any CPU.ActiveCfg = Debug|Any CPU
		{40CC0DED-126A-42B0-833A-EFFEDDD24E1E}.AppStore|Any CPU.Build.0 = Debug|Any CPU
		{40CC0DED-126A-42B0-833A-EFFEDDD24E1E}.AppStore|iPhone.ActiveCfg = Debug|Any CPU
		{40CC0DED-126A-42B0-833A-EFFEDDD24E1E}.AppStore|iPhone.Build.0 = Debug|Any CPU
		{40CC0DED-126A-42B0-833A-EFFEDDD24E1E}.AppStore|iPhoneSimulator.ActiveCfg = Debug|Any CPU
		{40CC0DED-126A-42B0-833A-EFFEDDD24E1E}.AppStore|iPhoneSimulator.Build.0 = Debug|Any CPU
		{40CC0DED-126A-42B0-833A-EFFEDDD24E1E}.Debug|Any CPU.ActiveCfg = Debug|Any CPU
		{40CC0DED-126A-42B0-833A-EFFEDDD24E1E}.Debug|Any CPU.Build.0 = Debug|Any CPU
		{40CC0DED-126A-42B0-833A-EFFEDDD24E1E}.Debug|iPhone.ActiveCfg = Debug|Any CPU
		{40CC0DED-126A-42B0-833A-EFFEDDD24E1E}.Debug|iPhone.Build.0 = Debug|Any CPU
		{40CC0DED-126A-42B0-833A-EFFEDDD24E1E}.Debug|iPhoneSimulator.ActiveCfg = Debug|Any CPU
		{40CC0DED-126A-42B0-833A-EFFEDDD24E1E}.Debug|iPhoneSimulator.Build.0 = Debug|Any CPU
		{40CC0DED-126A-42B0-833A-EFFEDDD24E1E}.Release|Any CPU.ActiveCfg = Release|Any CPU
		{40CC0DED-126A-42B0-833A-EFFEDDD24E1E}.Release|Any CPU.Build.0 = Release|Any CPU
		{40CC0DED-126A-42B0-833A-EFFEDDD24E1E}.Release|iPhone.ActiveCfg = Release|Any CPU
		{40CC0DED-126A-42B0-833A-EFFEDDD24E1E}.Release|iPhone.Build.0 = Release|Any CPU
		{40CC0DED-126A-42B0-833A-EFFEDDD24E1E}.Release|iPhoneSimulator.ActiveCfg = Release|Any CPU
		{40CC0DED-126A-42B0-833A-EFFEDDD24E1E}.Release|iPhoneSimulator.Build.0 = Release|Any CPU
	EndGlobalSection
	GlobalSection(SolutionProperties) = preSolution
		HideSolutionNode = FALSE
	EndGlobalSection
	GlobalSection(ExtensibilityGlobals) = postSolution
		SolutionGuid = {8D8ED73D-2765-4C28-B653-AB70F2DB8FC5}
	EndGlobalSection
EndGlobal
